
Microsoft Visual Studio Solution File, Format Version 12.00
# Visual Studio Version 17
VisualStudioVersion = 17.14.36221.1 d17.14
MinimumVisualStudioVersion = 10.0.40219.1
Project("{FAE04EC0-301F-11D3-BF4B-00C04F79EFBC}") = "SafeVaultExample", "SafeVaultExample.csproj", "{98C8931C-4C84-4663-8B46-8A869838827F}"
EndProject
Global
	GlobalSection(SolutionConfigurationPlatforms) = preSolution
		Debug|Any CPU = Debug|Any CPU
		Release|Any CPU = Release|Any CPU
	EndGlobalSection
	GlobalSection(ProjectConfigurationPlatforms) = postSolution
		{98C8931C-4C84-4663-8B46-8A869838827F}.Debug|Any CPU.ActiveCfg = Debug|Any CPU
		{98C8931C-4C84-4663-8B46-8A869838827F}.Debug|Any CPU.Build.0 = Debug|Any CPU
		{98C8931C-4C84-4663-8B46-8A869838827F}.Release|Any CPU.ActiveCfg = Release|Any CPU
		{98C8931C-4C84-4663-8B46-8A869838827F}.Release|Any CPU.Build.0 = Release|Any CPU
	EndGlobalSection
	GlobalSection(SolutionProperties) = preSolution
		HideSolutionNode = FALSE
	EndGlobalSection
	GlobalSection(ExtensibilityGlobals) = postSolution
		SolutionGuid = {8B3CA028-6554-42E8-B8D9-943DA0C034EC}
	EndGlobalSection
EndGlobal
